
Microsoft Visual Studio Solution File, Format Version 12.00
# Visual Studio 15
VisualStudioVersion = 15.0.28307.168
MinimumVisualStudioVersion = 10.0.40219.1
Project("{FAE04EC0-301F-11D3-BF4B-00C04F79EFBC}") = "SpaceStacker", "SpaceStacker\SpaceStacker.csproj", "{5F0E2965-5077-47E7-B687-FB844CEC8CB1}"
EndProject
Project("{54435603-DBB4-11D2-8724-00A0C9A8B90C}") = "SpaceStacker_Setup", "SpaceStacker_Setup\SpaceStacker_Setup.vdproj", "{B22592F4-D78F-4AA9-9AE2-840721862C9A}"
EndProject
Global
	GlobalSection(SolutionConfigurationPlatforms) = preSolution
		Debug|Any CPU = Debug|Any CPU
		Release|Any CPU = Release|Any CPU
	EndGlobalSection
	GlobalSection(ProjectConfigurationPlatforms) = postSolution
		{5F0E2965-5077-47E7-B687-FB844CEC8CB1}.Debug|Any CPU.ActiveCfg = Release|Any CPU
		{5F0E2965-5077-47E7-B687-FB844CEC8CB1}.Debug|Any CPU.Build.0 = Release|Any CPU
		{5F0E2965-5077-47E7-B687-FB844CEC8CB1}.Release|Any CPU.ActiveCfg = Release|Any CPU
		{5F0E2965-5077-47E7-B687-FB844CEC8CB1}.Release|Any CPU.Build.0 = Release|Any CPU
		{B22592F4-D78F-4AA9-9AE2-840721862C9A}.Debug|Any CPU.ActiveCfg = Release
		{B22592F4-D78F-4AA9-9AE2-840721862C9A}.Debug|Any CPU.Build.0 = Release
		{B22592F4-D78F-4AA9-9AE2-840721862C9A}.Release|Any CPU.ActiveCfg = Release
	EndGlobalSection
	GlobalSection(SolutionProperties) = preSolution
		HideSolutionNode = FALSE
	EndGlobalSection
	GlobalSection(ExtensibilityGlobals) = postSolution
		SolutionGuid = {9862BDF1-C17F-4C02-8F9E-5CC6471F647A}
	EndGlobalSection
EndGlobal
